
Microsoft Visual Studio Solution File, Format Version 12.00
# Visual Studio Version 17
VisualStudioVersion = 17.8.34511.84
MinimumVisualStudioVersion = 10.0.40219.1
Project("{FAE04EC0-301F-11D3-BF4B-00C04F79EFBC}") = "ATV6_CJ3022374", "ATV6_CJ3022374\ATV6_CJ3022374.csproj", "{36A6D5A1-7359-4319-9A30-9D0D80C56BFB}"
EndProject
Global
	GlobalSection(SolutionConfigurationPlatforms) = preSolution
		Debug|Any CPU = Debug|Any CPU
		Release|Any CPU = Release|Any CPU
	EndGlobalSection
	GlobalSection(ProjectConfigurationPlatforms) = postSolution
		{36A6D5A1-7359-4319-9A30-9D0D80C56BFB}.Debug|Any CPU.ActiveCfg = Debug|Any CPU
		{36A6D5A1-7359-4319-9A30-9D0D80C56BFB}.Debug|Any CPU.Build.0 = Debug|Any CPU
		{36A6D5A1-7359-4319-9A30-9D0D80C56BFB}.Release|Any CPU.ActiveCfg = Release|Any CPU
		{36A6D5A1-7359-4319-9A30-9D0D80C56BFB}.Release|Any CPU.Build.0 = Release|Any CPU
	EndGlobalSection
	GlobalSection(SolutionProperties) = preSolution
		HideSolutionNode = FALSE
	EndGlobalSection
	GlobalSection(ExtensibilityGlobals) = postSolution
		SolutionGuid = {E269EB08-BB60-4C51-816C-EA9F591D7F6C}
	EndGlobalSection
EndGlobal
